
Microsoft Visual Studio Solution File, Format Version 11.00
# Visual Studio 2010
Project("{FAE04EC0-301F-11D3-BF4B-00C04F79EFBC}") = "flapping_pidgy", "Assembly-CSharp.csproj", "{119EF093-D1BA-52D0-329E-BDEF43A4D379}"
EndProject
Global
	GlobalSection(SolutionConfigurationPlatforms) = preSolution
		Debug|Any CPU = Debug|Any CPU
		Release|Any CPU = Release|Any CPU
	EndGlobalSection
	GlobalSection(ProjectConfigurationPlatforms) = postSolution
		{119EF093-D1BA-52D0-329E-BDEF43A4D379}.Debug|Any CPU.ActiveCfg = Debug|Any CPU
		{119EF093-D1BA-52D0-329E-BDEF43A4D379}.Debug|Any CPU.Build.0 = Debug|Any CPU
		{119EF093-D1BA-52D0-329E-BDEF43A4D379}.Release|Any CPU.ActiveCfg = Release|Any CPU
		{119EF093-D1BA-52D0-329E-BDEF43A4D379}.Release|Any CPU.Build.0 = Release|Any CPU
	EndGlobalSection
	GlobalSection(SolutionProperties) = preSolution
		HideSolutionNode = FALSE
	EndGlobalSection
	GlobalSection(MonoDevelopProperties) = preSolution
		StartupItem = Assembly-CSharp.csproj
	EndGlobalSection
EndGlobal
